
Microsoft Visual Studio Solution File, Format Version 12.00
# Visual Studio Version 17
VisualStudioVersion = 17.5.33516.290
MinimumVisualStudioVersion = 10.0.40219.1
Project("{9A19103F-16F7-4668-BE54-9A1E7A4F7556}") = "InventoryManager.Views", "InventoryManager.Views\InventoryManager.Views.csproj", "{E78E29B8-9C97-493F-AD7F-6067108513EF}"
EndProject
Project("{9A19103F-16F7-4668-BE54-9A1E7A4F7556}") = "InventoryManager.Domain", "InventoryManager.Domain\InventoryManager.Domain.csproj", "{6843C43D-0629-4028-83E7-5110B529D2C2}"
EndProject
Project("{9A19103F-16F7-4668-BE54-9A1E7A4F7556}") = "InventoryManager.Infrastructure", "InventoryManager.Infrastructure\InventoryManager.Infrastructure.csproj", "{9A5F96A3-F559-4A91-A8BA-2C9E97A9CC65}"
EndProject
Project("{9A19103F-16F7-4668-BE54-9A1E7A4F7556}") = "InventoryManager.Application", "InventoryManager.Application\InventoryManager.Application.csproj", "{7073FE1F-B1C5-49CD-9CF8-248EA40ADC34}"
EndProject
Global
	GlobalSection(SolutionConfigurationPlatforms) = preSolution
		Debug|Any CPU = Debug|Any CPU
		Release|Any CPU = Release|Any CPU
	EndGlobalSection
	GlobalSection(ProjectConfigurationPlatforms) = postSolution
		{E78E29B8-9C97-493F-AD7F-6067108513EF}.Debug|Any CPU.ActiveCfg = Debug|Any CPU
		{E78E29B8-9C97-493F-AD7F-6067108513EF}.Debug|Any CPU.Build.0 = Debug|Any CPU
		{E78E29B8-9C97-493F-AD7F-6067108513EF}.Release|Any CPU.ActiveCfg = Release|Any CPU
		{E78E29B8-9C97-493F-AD7F-6067108513EF}.Release|Any CPU.Build.0 = Release|Any CPU
		{6843C43D-0629-4028-83E7-5110B529D2C2}.Debug|Any CPU.ActiveCfg = Debug|Any CPU
		{6843C43D-0629-4028-83E7-5110B529D2C2}.Debug|Any CPU.Build.0 = Debug|Any CPU
		{6843C43D-0629-4028-83E7-5110B529D2C2}.Release|Any CPU.ActiveCfg = Release|Any CPU
		{6843C43D-0629-4028-83E7-5110B529D2C2}.Release|Any CPU.Build.0 = Release|Any CPU
		{9A5F96A3-F559-4A91-A8BA-2C9E97A9CC65}.Debug|Any CPU.ActiveCfg = Debug|Any CPU
		{9A5F96A3-F559-4A91-A8BA-2C9E97A9CC65}.Debug|Any CPU.Build.0 = Debug|Any CPU
		{9A5F96A3-F559-4A91-A8BA-2C9E97A9CC65}.Release|Any CPU.ActiveCfg = Release|Any CPU
		{9A5F96A3-F559-4A91-A8BA-2C9E97A9CC65}.Release|Any CPU.Build.0 = Release|Any CPU
		{7073FE1F-B1C5-49CD-9CF8-248EA40ADC34}.Debug|Any CPU.ActiveCfg = Debug|Any CPU
		{7073FE1F-B1C5-49CD-9CF8-248EA40ADC34}.Debug|Any CPU.Build.0 = Debug|Any CPU
		{7073FE1F-B1C5-49CD-9CF8-248EA40ADC34}.Release|Any CPU.ActiveCfg = Release|Any CPU
		{7073FE1F-B1C5-49CD-9CF8-248EA40ADC34}.Release|Any CPU.Build.0 = Release|Any CPU
	EndGlobalSection
	GlobalSection(SolutionProperties) = preSolution
		HideSolutionNode = FALSE
	EndGlobalSection
	GlobalSection(ExtensibilityGlobals) = postSolution
		SolutionGuid = {F87BA80C-1259-48F6-9367-AFE936FB27DC}
	EndGlobalSection
EndGlobal
